{
  "originHash" : "a02439eda1e949d10b1200f0dfba3237e0e587755a7364f8b6df333ea74f17cf",
  "pins" : [
    {
      "identity" : "junoslider",
      "kind" : "remoteSourceControl",
      "location" : "https://github.com/christianselig/JunoSlider.git",
      "state" : {
        "revision" : "c7c9967c0107b3753bf45f23babba7f94d82a684",
        "version" : "1.0.0"
      }
    }
  ],
  "version" : 3
}
