// !$*UTF8*$!
{
	archiveVersion = 1;
	classes = {
	};
	objectVersion = 70;
	objects = {

/* Begin PBXBuildFile section */
		04AA7C212C6001DD00EF3687 /* README.md in Resources */ = {isa = PBXBuildFile; fileRef = 04AA7C202C6001D800EF3687 /* README.md */; };
/* End PBXBuildFile section */

/* Begin PBXContainerItemProxy section */
		04AA7BD12C5FEDC700EF3687 /* PBXContainerItemProxy */ = {
			isa = PBXContainerItemProxy;
			containerPortal = 04AA7BB52C5FEDC400EF3687 /* Project object */;
			proxyType = 1;
			remoteGlobalIDString = 04AA7BBC2C5FEDC400EF3687;
			remoteInfo = playground;
		};
		04AA7BDB2C5FEDC700EF3687 /* PBXContainerItemProxy */ = {
			isa = PBXContainerItemProxy;
			containerPortal = 04AA7BB52C5FEDC400EF3687 /* Project object */;
			proxyType = 1;
			remoteGlobalIDString = 04AA7BBC2C5FEDC400EF3687;
			remoteInfo = playground;
		};
/* End PBXContainerItemProxy section */

/* Begin PBXFileReference section */
		04AA7BBD2C5FEDC400EF3687 /* playground.app */ = {isa = PBXFileReference; explicitFileType = wrapper.application; includeInIndex = 0; path = playground.app; sourceTree = BUILT_PRODUCTS_DIR; };
		04AA7BD02C5FEDC700EF3687 /* playgroundTests.xctest */ = {isa = PBXFileReference; explicitFileType = wrapper.cfbundle; includeInIndex = 0; path = playgroundTests.xctest; sourceTree = BUILT_PRODUCTS_DIR; };
		04AA7BDA2C5FEDC700EF3687 /* playgroundUITests.xctest */ = {isa = PBXFileReference; explicitFileType = wrapper.cfbundle; includeInIndex = 0; path = playgroundUITests.xctest; sourceTree = BUILT_PRODUCTS_DIR; };
		04AA7C202C6001D800EF3687 /* README.md */ = {isa = PBXFileReference; lastKnownFileType = net.daringfireball.markdown; path = README.md; sourceTree = "<group>"; };
/* End PBXFileReference section */

/* Begin PBXFileSystemSynchronizedBuildFileExceptionSet section */
		04AA7C092C5FF49100EF3687 /* PBXFileSystemSynchronizedBuildFileExceptionSet */ = {
			isa = PBXFileSystemSynchronizedBuildFileExceptionSet;
			membershipExceptions = (
				Samples/Buttons/ButtonBorderShapeSample.swift,
				Samples/DrawingandGraphics/CompsitingGroupSample.swift,
				Samples/Gesture/RotateGestureSample.swift,
				Samples/GroupBox/GroupBoxSample.swift,
				Samples/Images/AsyncImageSample.swift,
				Samples/Images/VariableValueSample.swift,
				Samples/LayoutAdjustments/ContainerRelativeFrameSample.swift,
				Samples/Lists/DisclosureGroupSample.swift,
				Samples/Map/MapStyleSample.swift,
				Samples/Navigation/TabViewSample.swift,
				Samples/Navigation/TabViewStyleSample.swift,
				Samples/Slider/SliderSample.swift,
				Samples/Tables/TableSample.swift,
				Samples/Text/TextRendererSample.swift,
				Samples/ThirdParty/JunoUISliderSample.swift,
				Samples/ViewGroupings/FormSample.swift,
			);
			target = 04AA7BCF2C5FEDC700EF3687 /* playgroundTests */;
		};
		04AA7C0A2C5FF49100EF3687 /* PBXFileSystemSynchronizedBuildFileExceptionSet */ = {
			isa = PBXFileSystemSynchronizedBuildFileExceptionSet;
			membershipExceptions = (
				Samples/Buttons/ButtonBorderShapeSample.swift,
				Samples/DrawingandGraphics/CompsitingGroupSample.swift,
				Samples/Gesture/RotateGestureSample.swift,
				Samples/GroupBox/GroupBoxSample.swift,
				Samples/Images/AsyncImageSample.swift,
				Samples/Images/VariableValueSample.swift,
				Samples/LayoutAdjustments/ContainerRelativeFrameSample.swift,
				Samples/Lists/DisclosureGroupSample.swift,
				Samples/Map/MapStyleSample.swift,
				Samples/Navigation/TabViewSample.swift,
				Samples/Navigation/TabViewStyleSample.swift,
				Samples/Slider/SliderSample.swift,
				Samples/Tables/TableSample.swift,
				Samples/Text/TextRendererSample.swift,
				Samples/ThirdParty/JunoUISliderSample.swift,
				Samples/ViewGroupings/FormSample.swift,
			);
			target = 04AA7BD92C5FEDC700EF3687 /* playgroundUITests */;
		};
/* End PBXFileSystemSynchronizedBuildFileExceptionSet section */

/* Begin PBXFileSystemSynchronizedRootGroup section */
		04AA7BBF2C5FEDC400EF3687 /* playground */ = {isa = PBXFileSystemSynchronizedRootGroup; exceptions = (04AA7C092C5FF49100EF3687 /* PBXFileSystemSynchronizedBuildFileExceptionSet */, 04AA7C0A2C5FF49100EF3687 /* PBXFileSystemSynchronizedBuildFileExceptionSet */, ); explicitFileTypes = {}; explicitFolders = (); path = playground; sourceTree = "<group>"; };
		04AA7BD32C5FEDC700EF3687 /* playgroundTests */ = {isa = PBXFileSystemSynchronizedRootGroup; explicitFileTypes = {}; explicitFolders = (); path = playgroundTests; sourceTree = "<group>"; };
		04AA7BDD2C5FEDC700EF3687 /* playgroundUITests */ = {isa = PBXFileSystemSynchronizedRootGroup; explicitFileTypes = {}; explicitFolders = (); path = playgroundUITests; sourceTree = "<group>"; };
/* End PBXFileSystemSynchronizedRootGroup section */

/* Begin PBXFrameworksBuildPhase section */
		04AA7BBA2C5FEDC400EF3687 /* Frameworks */ = {
			isa = PBXFrameworksBuildPhase;
			buildActionMask = 2147483647;
			files = (
			);
			runOnlyForDeploymentPostprocessing = 0;
		};
		04AA7BCD2C5FEDC700EF3687 /* Frameworks */ = {
			isa = PBXFrameworksBuildPhase;
			buildActionMask = 2147483647;
			files = (
			);
			runOnlyForDeploymentPostprocessing = 0;
		};
		04AA7BD72C5FEDC700EF3687 /* Frameworks */ = {
			isa = PBXFrameworksBuildPhase;
			buildActionMask = 2147483647;
			files = (
			);
			runOnlyForDeploymentPostprocessing = 0;
		};
/* End PBXFrameworksBuildPhase section */

/* Begin PBXGroup section */
		04AA7BB42C5FEDC400EF3687 = {
			isa = PBXGroup;
			children = (
				04AA7C202C6001D800EF3687 /* README.md */,
				04AA7BBF2C5FEDC400EF3687 /* playground */,
				04AA7BD32C5FEDC700EF3687 /* playgroundTests */,
				04AA7BDD2C5FEDC700EF3687 /* playgroundUITests */,
				04AA7BBE2C5FEDC400EF3687 /* Products */,
			);
			sourceTree = "<group>";
		};
		04AA7BBE2C5FEDC400EF3687 /* Products */ = {
			isa = PBXGroup;
			children = (
				04AA7BBD2C5FEDC400EF3687 /* playground.app */,
				04AA7BD02C5FEDC700EF3687 /* playgroundTests.xctest */,
				04AA7BDA2C5FEDC700EF3687 /* playgroundUITests.xctest */,
			);
			name = Products;
			sourceTree = "<group>";
		};
/* End PBXGroup section */

/* Begin PBXNativeTarget section */
		04AA7BBC2C5FEDC400EF3687 /* playground */ = {
			isa = PBXNativeTarget;
			buildConfigurationList = 04AA7BE42C5FEDC700EF3687 /* Build configuration list for PBXNativeTarget "playground" */;
			buildPhases = (
				04AA7BB92C5FEDC400EF3687 /* Sources */,
				04AA7BBA2C5FEDC400EF3687 /* Frameworks */,
				04AA7BBB2C5FEDC400EF3687 /* Resources */,
			);
			buildRules = (
			);
			dependencies = (
			);
			fileSystemSynchronizedGroups = (
				04AA7BBF2C5FEDC400EF3687 /* playground */,
			);
			name = playground;
			packageProductDependencies = (
			);
			productName = playground;
			productReference = 04AA7BBD2C5FEDC400EF3687 /* playground.app */;
			productType = "com.apple.product-type.application";
		};
		04AA7BCF2C5FEDC700EF3687 /* playgroundTests */ = {
			isa = PBXNativeTarget;
			buildConfigurationList = 04AA7BE72C5FEDC700EF3687 /* Build configuration list for PBXNativeTarget "playgroundTests" */;
			buildPhases = (
				04AA7BCC2C5FEDC700EF3687 /* Sources */,
				04AA7BCD2C5FEDC700EF3687 /* Frameworks */,
				04AA7BCE2C5FEDC700EF3687 /* Resources */,
			);
			buildRules = (
			);
			dependencies = (
				04AA7BD22C5FEDC700EF3687 /* PBXTargetDependency */,
			);
			fileSystemSynchronizedGroups = (
				04AA7BD32C5FEDC700EF3687 /* playgroundTests */,
			);
			name = playgroundTests;
			packageProductDependencies = (
			);
			productName = playgroundTests;
			productReference = 04AA7BD02C5FEDC700EF3687 /* playgroundTests.xctest */;
			productType = "com.apple.product-type.bundle.unit-test";
		};
		04AA7BD92C5FEDC700EF3687 /* playgroundUITests */ = {
			isa = PBXNativeTarget;
			buildConfigurationList = 04AA7BEA2C5FEDC700EF3687 /* Build configuration list for PBXNativeTarget "playgroundUITests" */;
			buildPhases = (
				04AA7BD62C5FEDC700EF3687 /* Sources */,
				04AA7BD72C5FEDC700EF3687 /* Frameworks */,
				04AA7BD82C5FEDC700EF3687 /* Resources */,
			);
			buildRules = (
			);
			dependencies = (
				04AA7BDC2C5FEDC700EF3687 /* PBXTargetDependency */,
			);
			fileSystemSynchronizedGroups = (
				04AA7BDD2C5FEDC700EF3687 /* playgroundUITests */,
			);
			name = playgroundUITests;
			packageProductDependencies = (
			);
			productName = playgroundUITests;
			productReference = 04AA7BDA2C5FEDC700EF3687 /* playgroundUITests.xctest */;
			productType = "com.apple.product-type.bundle.ui-testing";
		};
/* End PBXNativeTarget section */

/* Begin PBXProject section */
		04AA7BB52C5FEDC400EF3687 /* Project object */ = {
			isa = PBXProject;
			attributes = {
				BuildIndependentTargetsInParallel = 1;
				LastSwiftUpdateCheck = 1600;
				LastUpgradeCheck = 1600;
				TargetAttributes = {
					04AA7BBC2C5FEDC400EF3687 = {
						CreatedOnToolsVersion = 16.0;
					};
					04AA7BCF2C5FEDC700EF3687 = {
						CreatedOnToolsVersion = 16.0;
						TestTargetID = 04AA7BBC2C5FEDC400EF3687;
					};
					04AA7BD92C5FEDC700EF3687 = {
						CreatedOnToolsVersion = 16.0;
						TestTargetID = 04AA7BBC2C5FEDC400EF3687;
					};
				};
			};
			buildConfigurationList = 04AA7BB82C5FEDC400EF3687 /* Build configuration list for PBXProject "playground" */;
			compatibilityVersion = "Xcode 15.0";
			developmentRegion = en;
			hasScannedForEncodings = 0;
			knownRegions = (
				en,
				Base,
			);
			mainGroup = 04AA7BB42C5FEDC400EF3687;
			packageReferences = (
			);
			productRefGroup = 04AA7BBE2C5FEDC400EF3687 /* Products */;
			projectDirPath = "";
			projectRoot = "";
			targets = (
				04AA7BBC2C5FEDC400EF3687 /* playground */,
				04AA7BCF2C5FEDC700EF3687 /* playgroundTests */,
				04AA7BD92C5FEDC700EF3687 /* playgroundUITests */,
			);
		};
/* End PBXProject section */

/* Begin PBXResourcesBuildPhase section */
		04AA7BBB2C5FEDC400EF3687 /* Resources */ = {
			isa = PBXResourcesBuildPhase;
			buildActionMask = 2147483647;
			files = (
				04AA7C212C6001DD00EF3687 /* README.md in Resources */,
			);
			runOnlyForDeploymentPostprocessing = 0;
		};
		04AA7BCE2C5FEDC700EF3687 /* Resources */ = {
			isa = PBXResourcesBuildPhase;
			buildActionMask = 2147483647;
			files = (
			);
			runOnlyForDeploymentPostprocessing = 0;
		};
		04AA7BD82C5FEDC700EF3687 /* Resources */ = {
			isa = PBXResourcesBuildPhase;
			buildActionMask = 2147483647;
			files = (
			);
			runOnlyForDeploymentPostprocessing = 0;
		};
/* End PBXResourcesBuildPhase section */

/* Begin PBXSourcesBuildPhase section */
		04AA7BB92C5FEDC400EF3687 /* Sources */ = {
			isa = PBXSourcesBuildPhase;
			buildActionMask = 2147483647;
			files = (
			);
			runOnlyForDeploymentPostprocessing = 0;
		};
		04AA7BCC2C5FEDC700EF3687 /* Sources */ = {
			isa = PBXSourcesBuildPhase;
			buildActionMask = 2147483647;
			files = (
			);
			runOnlyForDeploymentPostprocessing = 0;
		};
		04AA7BD62C5FEDC700EF3687 /* Sources */ = {
			isa = PBXSourcesBuildPhase;
			buildActionMask = 2147483647;
			files = (
			);
			runOnlyForDeploymentPostprocessing = 0;
		};
/* End PBXSourcesBuildPhase section */

/* Begin PBXTargetDependency section */
		04AA7BD22C5FEDC700EF3687 /* PBXTargetDependency */ = {
			isa = PBXTargetDependency;
			target = 04AA7BBC2C5FEDC400EF3687 /* playground */;
			targetProxy = 04AA7BD12C5FEDC700EF3687 /* PBXContainerItemProxy */;
		};
		04AA7BDC2C5FEDC700EF3687 /* PBXTargetDependency */ = {
			isa = PBXTargetDependency;
			target = 04AA7BBC2C5FEDC400EF3687 /* playground */;
			targetProxy = 04AA7BDB2C5FEDC700EF3687 /* PBXContainerItemProxy */;
		};
/* End PBXTargetDependency section */

/* Begin XCBuildConfiguration section */
		04AA7BE22C5FEDC700EF3687 /* Debug */ = {
			isa = XCBuildConfiguration;
			buildSettings = {
				ALWAYS_SEARCH_USER_PATHS = NO;
				ASSETCATALOG_COMPILER_GENERATE_SWIFT_ASSET_SYMBOL_EXTENSIONS = YES;
				CLANG_ANALYZER_NONNULL = YES;
				CLANG_ANALYZER_NUMBER_OBJECT_CONVERSION = YES_AGGRESSIVE;
				CLANG_CXX_LANGUAGE_STANDARD = "gnu++20";
				CLANG_ENABLE_MODULES = YES;
				CLANG_ENABLE_OBJC_ARC = YES;
				CLANG_ENABLE_OBJC_WEAK = YES;
				CLANG_WARN_BLOCK_CAPTURE_AUTORELEASING = YES;
				CLANG_WARN_BOOL_CONVERSION = YES;
				CLANG_WARN_COMMA = YES;
				CLANG_WARN_CONSTANT_CONVERSION = YES;
				CLANG_WARN_DEPRECATED_OBJC_IMPLEMENTATIONS = YES;
				CLANG_WARN_DIRECT_OBJC_ISA_USAGE = YES_ERROR;
				CLANG_WARN_DOCUMENTATION_COMMENTS = YES;
				CLANG_WARN_EMPTY_BODY = YES;
				CLANG_WARN_ENUM_CONVERSION = YES;
				CLANG_WARN_INFINITE_RECURSION = YES;
				CLANG_WARN_INT_CONVERSION = YES;
				CLANG_WARN_NON_LITERAL_NULL_CONVERSION = YES;
				CLANG_WARN_OBJC_IMPLICIT_RETAIN_SELF = YES;
				CLANG_WARN_OBJC_LITERAL_CONVERSION = YES;
				CLANG_WARN_OBJC_ROOT_CLASS = YES_ERROR;
				CLANG_WARN_QUOTED_INCLUDE_IN_FRAMEWORK_HEADER = YES;
				CLANG_WARN_RANGE_LOOP_ANALYSIS = YES;
				CLANG_WARN_STRICT_PROTOTYPES = YES;
				CLANG_WARN_SUSPICIOUS_MOVE = YES;
				CLANG_WARN_UNGUARDED_AVAILABILITY = YES_AGGRESSIVE;
				CLANG_WARN_UNREACHABLE_CODE = YES;
				CLANG_WARN__DUPLICATE_METHOD_MATCH = YES;
				COPY_PHASE_STRIP = NO;
				DEBUG_INFORMATION_FORMAT = dwarf;
				ENABLE_STRICT_OBJC_MSGSEND = YES;
				ENABLE_TESTABILITY = YES;
				ENABLE_USER_SCRIPT_SANDBOXING = YES;
				GCC_C_LANGUAGE_STANDARD = gnu17;
				GCC_DYNAMIC_NO_PIC = NO;
				GCC_NO_COMMON_BLOCKS = YES;
				GCC_OPTIMIZATION_LEVEL = 0;
				GCC_PREPROCESSOR_DEFINITIONS = (
					"DEBUG=1",
					"$(inherited)",
				);
				GCC_WARN_64_TO_32_BIT_CONVERSION = YES;
				GCC_WARN_ABOUT_RETURN_TYPE = YES_ERROR;
				GCC_WARN_UNDECLARED_SELECTOR = YES;
				GCC_WARN_UNINITIALIZED_AUTOS = YES_AGGRESSIVE;
				GCC_WARN_UNUSED_FUNCTION = YES;
				GCC_WARN_UNUSED_VARIABLE = YES;
				LOCALIZATION_PREFERS_STRING_CATALOGS = YES;
				MTL_ENABLE_DEBUG_INFO = INCLUDE_SOURCE;
				MTL_FAST_MATH = YES;
				ONLY_ACTIVE_ARCH = YES;
				SWIFT_ACTIVE_COMPILATION_CONDITIONS = "DEBUG $(inherited)";
				SWIFT_OPTIMIZATION_LEVEL = "-Onone";
			};
			name = Debug;
		};
		04AA7BE32C5FEDC700EF3687 /* Release */ = {
			isa = XCBuildConfiguration;
			buildSettings = {
				ALWAYS_SEARCH_USER_PATHS = NO;
				ASSETCATALOG_COMPILER_GENERATE_SWIFT_ASSET_SYMBOL_EXTENSIONS = YES;
				CLANG_ANALYZER_NONNULL = YES;
				CLANG_ANALYZER_NUMBER_OBJECT_CONVERSION = YES_AGGRESSIVE;
				CLANG_CXX_LANGUAGE_STANDARD = "gnu++20";
				CLANG_ENABLE_MODULES = YES;
				CLANG_ENABLE_OBJC_ARC = YES;
				CLANG_ENABLE_OBJC_WEAK = YES;
				CLANG_WARN_BLOCK_CAPTURE_AUTORELEASING = YES;
				CLANG_WARN_BOOL_CONVERSION = YES;
				CLANG_WARN_COMMA = YES;
				CLANG_WARN_CONSTANT_CONVERSION = YES;
				CLANG_WARN_DEPRECATED_OBJC_IMPLEMENTATIONS = YES;
				CLANG_WARN_DIRECT_OBJC_ISA_USAGE = YES_ERROR;
				CLANG_WARN_DOCUMENTATION_COMMENTS = YES;
				CLANG_WARN_EMPTY_BODY = YES;
				CLANG_WARN_ENUM_CONVERSION = YES;
				CLANG_WARN_INFINITE_RECURSION = YES;
				CLANG_WARN_INT_CONVERSION = YES;
				CLANG_WARN_NON_LITERAL_NULL_CONVERSION = YES;
				CLANG_WARN_OBJC_IMPLICIT_RETAIN_SELF = YES;
				CLANG_WARN_OBJC_LITERAL_CONVERSION = YES;
				CLANG_WARN_OBJC_ROOT_CLASS = YES_ERROR;
				CLANG_WARN_QUOTED_INCLUDE_IN_FRAMEWORK_HEADER = YES;
				CLANG_WARN_RANGE_LOOP_ANALYSIS = YES;
				CLANG_WARN_STRICT_PROTOTYPES = YES;
				CLANG_WARN_SUSPICIOUS_MOVE = YES;
				CLANG_WARN_UNGUARDED_AVAILABILITY = YES_AGGRESSIVE;
				CLANG_WARN_UNREACHABLE_CODE = YES;
				CLANG_WARN__DUPLICATE_METHOD_MATCH = YES;
				COPY_PHASE_STRIP = NO;
				DEBUG_INFORMATION_FORMAT = "dwarf-with-dsym";
				ENABLE_NS_ASSERTIONS = NO;
				ENABLE_STRICT_OBJC_MSGSEND = YES;
				ENABLE_USER_SCRIPT_SANDBOXING = YES;
				GCC_C_LANGUAGE_STANDARD = gnu17;
				GCC_NO_COMMON_BLOCKS = YES;
				GCC_WARN_64_TO_32_BIT_CONVERSION = YES;
				GCC_WARN_ABOUT_RETURN_TYPE = YES_ERROR;
				GCC_WARN_UNDECLARED_SELECTOR = YES;
				GCC_WARN_UNINITIALIZED_AUTOS = YES_AGGRESSIVE;
				GCC_WARN_UNUSED_FUNCTION = YES;
				GCC_WARN_UNUSED_VARIABLE = YES;
				LOCALIZATION_PREFERS_STRING_CATALOGS = YES;
				MTL_ENABLE_DEBUG_INFO = NO;
				MTL_FAST_MATH = YES;
				SWIFT_COMPILATION_MODE = wholemodule;
			};
			name = Release;
		};
		04AA7BE52C5FEDC700EF3687 /* Debug */ = {
			isa = XCBuildConfiguration;
			buildSettings = {
				ASSETCATALOG_COMPILER_APPICON_NAME = AppIcon;
				ASSETCATALOG_COMPILER_GLOBAL_ACCENT_COLOR_NAME = AccentColor;
				CODE_SIGN_ENTITLEMENTS = playground/playground.entitlements;
				CODE_SIGN_STYLE = Automatic;
				CURRENT_PROJECT_VERSION = 1;
				DEVELOPMENT_ASSET_PATHS = "\"playground/Preview Content\"";
				DEVELOPMENT_TEAM = BT2TPGG8FS;
				ENABLE_PREVIEWS = YES;
				GENERATE_INFOPLIST_FILE = YES;
				"INFOPLIST_KEY_UIApplicationSceneManifest_Generation[sdk=iphoneos*]" = YES;
				"INFOPLIST_KEY_UIApplicationSceneManifest_Generation[sdk=iphonesimulator*]" = YES;
				"INFOPLIST_KEY_UIApplicationSupportsIndirectInputEvents[sdk=iphoneos*]" = YES;
				"INFOPLIST_KEY_UIApplicationSupportsIndirectInputEvents[sdk=iphonesimulator*]" = YES;
				"INFOPLIST_KEY_UILaunchScreen_Generation[sdk=iphoneos*]" = YES;
				"INFOPLIST_KEY_UILaunchScreen_Generation[sdk=iphonesimulator*]" = YES;
				"INFOPLIST_KEY_UIStatusBarStyle[sdk=iphoneos*]" = UIStatusBarStyleDefault;
				"INFOPLIST_KEY_UIStatusBarStyle[sdk=iphonesimulator*]" = UIStatusBarStyleDefault;
				INFOPLIST_KEY_UISupportedInterfaceOrientations_iPad = "UIInterfaceOrientationPortrait UIInterfaceOrientationPortraitUpsideDown UIInterfaceOrientationLandscapeLeft UIInterfaceOrientationLandscapeRight";
				INFOPLIST_KEY_UISupportedInterfaceOrientations_iPhone = "UIInterfaceOrientationPortrait UIInterfaceOrientationLandscapeLeft UIInterfaceOrientationLandscapeRight";
				IPHONEOS_DEPLOYMENT_TARGET = 18.0;
				LD_RUNPATH_SEARCH_PATHS = "@executable_path/Frameworks";
				"LD_RUNPATH_SEARCH_PATHS[sdk=macosx*]" = "@executable_path/../Frameworks";
				MACOSX_DEPLOYMENT_TARGET = 15.0;
				MARKETING_VERSION = 1.0;
				PRODUCT_BUNDLE_IDENTIFIER = com.tahatesser.playground;
				PRODUCT_NAME = "$(TARGET_NAME)";
				SDKROOT = auto;
				SUPPORTED_PLATFORMS = "iphoneos iphonesimulator macosx xros xrsimulator";
				SWIFT_EMIT_LOC_STRINGS = YES;
				SWIFT_VERSION = 5.0;
				TARGETED_DEVICE_FAMILY = "1,2,7";
				XROS_DEPLOYMENT_TARGET = 2.0;
			};
			name = Debug;
		};
		04AA7BE62C5FEDC700EF3687 /* Release */ = {
			isa = XCBuildConfiguration;
			buildSettings = {
				ASSETCATALOG_COMPILER_APPICON_NAME = AppIcon;
				ASSETCATALOG_COMPILER_GLOBAL_ACCENT_COLOR_NAME = AccentColor;
				CODE_SIGN_ENTITLEMENTS = playground/playground.entitlements;
				CODE_SIGN_STYLE = Automatic;
				CURRENT_PROJECT_VERSION = 1;
				DEVELOPMENT_ASSET_PATHS = "\"playground/Preview Content\"";
				DEVELOPMENT_TEAM = BT2TPGG8FS;
				ENABLE_PREVIEWS = YES;
				GENERATE_INFOPLIST_FILE = YES;
				"INFOPLIST_KEY_UIApplicationSceneManifest_Generation[sdk=iphoneos*]" = YES;
				"INFOPLIST_KEY_UIApplicationSceneManifest_Generation[sdk=iphonesimulator*]" = YES;
				"INFOPLIST_KEY_UIApplicationSupportsIndirectInputEvents[sdk=iphoneos*]" = YES;
				"INFOPLIST_KEY_UIApplicationSupportsIndirectInputEvents[sdk=iphonesimulator*]" = YES;
				"INFOPLIST_KEY_UILaunchScreen_Generation[sdk=iphoneos*]" = YES;
				"INFOPLIST_KEY_UILaunchScreen_Generation[sdk=iphonesimulator*]" = YES;
				"INFOPLIST_KEY_UIStatusBarStyle[sdk=iphoneos*]" = UIStatusBarStyleDefault;
				"INFOPLIST_KEY_UIStatusBarStyle[sdk=iphonesimulator*]" = UIStatusBarStyleDefault;
				INFOPLIST_KEY_UISupportedInterfaceOrientations_iPad = "UIInterfaceOrientationPortrait UIInterfaceOrientationPortraitUpsideDown UIInterfaceOrientationLandscapeLeft UIInterfaceOrientationLandscapeRight";
				INFOPLIST_KEY_UISupportedInterfaceOrientations_iPhone = "UIInterfaceOrientationPortrait UIInterfaceOrientationLandscapeLeft UIInterfaceOrientationLandscapeRight";
				IPHONEOS_DEPLOYMENT_TARGET = 18.0;
				LD_RUNPATH_SEARCH_PATHS = "@executable_path/Frameworks";
				"LD_RUNPATH_SEARCH_PATHS[sdk=macosx*]" = "@executable_path/../Frameworks";
				MACOSX_DEPLOYMENT_TARGET = 15.0;
				MARKETING_VERSION = 1.0;
				PRODUCT_BUNDLE_IDENTIFIER = com.tahatesser.playground;
				PRODUCT_NAME = "$(TARGET_NAME)";
				SDKROOT = auto;
				SUPPORTED_PLATFORMS = "iphoneos iphonesimulator macosx xros xrsimulator";
				SWIFT_EMIT_LOC_STRINGS = YES;
				SWIFT_VERSION = 5.0;
				TARGETED_DEVICE_FAMILY = "1,2,7";
				XROS_DEPLOYMENT_TARGET = 2.0;
			};
			name = Release;
		};
		04AA7BE82C5FEDC700EF3687 /* Debug */ = {
			isa = XCBuildConfiguration;
			buildSettings = {
				BUNDLE_LOADER = "$(TEST_HOST)";
				CODE_SIGN_STYLE = Automatic;
				CURRENT_PROJECT_VERSION = 1;
				DEVELOPMENT_TEAM = BT2TPGG8FS;
				GENERATE_INFOPLIST_FILE = YES;
				IPHONEOS_DEPLOYMENT_TARGET = 18.0;
				MACOSX_DEPLOYMENT_TARGET = 15.0;
				MARKETING_VERSION = 1.0;
				PRODUCT_BUNDLE_IDENTIFIER = com.tahatesser.playgroundTests;
				PRODUCT_NAME = "$(TARGET_NAME)";
				SDKROOT = auto;
				SUPPORTED_PLATFORMS = "iphoneos iphonesimulator macosx xros xrsimulator";
				SWIFT_EMIT_LOC_STRINGS = NO;
				SWIFT_VERSION = 5.0;
				TARGETED_DEVICE_FAMILY = "1,2,7";
				TEST_HOST = "$(BUILT_PRODUCTS_DIR)/playground.app/$(BUNDLE_EXECUTABLE_FOLDER_PATH)/playground";
				XROS_DEPLOYMENT_TARGET = 2.0;
			};
			name = Debug;
		};
		04AA7BE92C5FEDC700EF3687 /* Release */ = {
			isa = XCBuildConfiguration;
			buildSettings = {
				BUNDLE_LOADER = "$(TEST_HOST)";
				CODE_SIGN_STYLE = Automatic;
				CURRENT_PROJECT_VERSION = 1;
				DEVELOPMENT_TEAM = BT2TPGG8FS;
				GENERATE_INFOPLIST_FILE = YES;
				IPHONEOS_DEPLOYMENT_TARGET = 18.0;
				MACOSX_DEPLOYMENT_TARGET = 15.0;
				MARKETING_VERSION = 1.0;
				PRODUCT_BUNDLE_IDENTIFIER = com.tahatesser.playgroundTests;
				PRODUCT_NAME = "$(TARGET_NAME)";
				SDKROOT = auto;
				SUPPORTED_PLATFORMS = "iphoneos iphonesimulator macosx xros xrsimulator";
				SWIFT_EMIT_LOC_STRINGS = NO;
				SWIFT_VERSION = 5.0;
				TARGETED_DEVICE_FAMILY = "1,2,7";
				TEST_HOST = "$(BUILT_PRODUCTS_DIR)/playground.app/$(BUNDLE_EXECUTABLE_FOLDER_PATH)/playground";
				XROS_DEPLOYMENT_TARGET = 2.0;
			};
			name = Release;
		};
		04AA7BEB2C5FEDC700EF3687 /* Debug */ = {
			isa = XCBuildConfiguration;
			buildSettings = {
				CODE_SIGN_STYLE = Automatic;
				CURRENT_PROJECT_VERSION = 1;
				DEVELOPMENT_TEAM = BT2TPGG8FS;
				GENERATE_INFOPLIST_FILE = YES;
				IPHONEOS_DEPLOYMENT_TARGET = 18.0;
				MACOSX_DEPLOYMENT_TARGET = 15.0;
				MARKETING_VERSION = 1.0;
				PRODUCT_BUNDLE_IDENTIFIER = com.tahatesser.playgroundUITests;
				PRODUCT_NAME = "$(TARGET_NAME)";
				SDKROOT = auto;
				SUPPORTED_PLATFORMS = "iphoneos iphonesimulator macosx xros xrsimulator";
				SWIFT_EMIT_LOC_STRINGS = NO;
				SWIFT_VERSION = 5.0;
				TARGETED_DEVICE_FAMILY = "1,2,7";
				TEST_TARGET_NAME = playground;
				XROS_DEPLOYMENT_TARGET = 2.0;
			};
			name = Debug;
		};
		04AA7BEC2C5FEDC700EF3687 /* Release */ = {
			isa = XCBuildConfiguration;
			buildSettings = {
				CODE_SIGN_STYLE = Automatic;
				CURRENT_PROJECT_VERSION = 1;
				DEVELOPMENT_TEAM = BT2TPGG8FS;
				GENERATE_INFOPLIST_FILE = YES;
				IPHONEOS_DEPLOYMENT_TARGET = 18.0;
				MACOSX_DEPLOYMENT_TARGET = 15.0;
				MARKETING_VERSION = 1.0;
				PRODUCT_BUNDLE_IDENTIFIER = com.tahatesser.playgroundUITests;
				PRODUCT_NAME = "$(TARGET_NAME)";
				SDKROOT = auto;
				SUPPORTED_PLATFORMS = "iphoneos iphonesimulator macosx xros xrsimulator";
				SWIFT_EMIT_LOC_STRINGS = NO;
				SWIFT_VERSION = 5.0;
				TARGETED_DEVICE_FAMILY = "1,2,7";
				TEST_TARGET_NAME = playground;
				XROS_DEPLOYMENT_TARGET = 2.0;
			};
			name = Release;
		};
/* End XCBuildConfiguration section */

/* Begin XCConfigurationList section */
		04AA7BB82C5FEDC400EF3687 /* Build configuration list for PBXProject "playground" */ = {
			isa = XCConfigurationList;
			buildConfigurations = (
				04AA7BE22C5FEDC700EF3687 /* Debug */,
				04AA7BE32C5FEDC700EF3687 /* Release */,
			);
			defaultConfigurationIsVisible = 0;
			defaultConfigurationName = Release;
		};
		04AA7BE42C5FEDC700EF3687 /* Build configuration list for PBXNativeTarget "playground" */ = {
			isa = XCConfigurationList;
			buildConfigurations = (
				04AA7BE52C5FEDC700EF3687 /* Debug */,
				04AA7BE62C5FEDC700EF3687 /* Release */,
			);
			defaultConfigurationIsVisible = 0;
			defaultConfigurationName = Release;
		};
		04AA7BE72C5FEDC700EF3687 /* Build configuration list for PBXNativeTarget "playgroundTests" */ = {
			isa = XCConfigurationList;
			buildConfigurations = (
				04AA7BE82C5FEDC700EF3687 /* Debug */,
				04AA7BE92C5FEDC700EF3687 /* Release */,
			);
			defaultConfigurationIsVisible = 0;
			defaultConfigurationName = Release;
		};
		04AA7BEA2C5FEDC700EF3687 /* Build configuration list for PBXNativeTarget "playgroundUITests" */ = {
			isa = XCConfigurationList;
			buildConfigurations = (
				04AA7BEB2C5FEDC700EF3687 /* Debug */,
				04AA7BEC2C5FEDC700EF3687 /* Release */,
			);
			defaultConfigurationIsVisible = 0;
			defaultConfigurationName = Release;
		};
/* End XCConfigurationList section */
	};
	rootObject = 04AA7BB52C5FEDC400EF3687 /* Project object */;
}
